
Microsoft Visual Studio Solution File, Format Version 12.00
# Visual Studio Version 17
VisualStudioVersion = 17.7.34031.279
MinimumVisualStudioVersion = 10.0.40219.1
Project("{FAE04EC0-301F-11D3-BF4B-00C04F79EFBC}") = "Student_Pairing_Application", "Student_Pairing_Application\Student_Pairing_Application.csproj", "{106FB0AC-7F34-48DE-8D4C-F957EAB2AE5A}"
EndProject
Global
	GlobalSection(SolutionConfigurationPlatforms) = preSolution
		Debug|Any CPU = Debug|Any CPU
		Release|Any CPU = Release|Any CPU
	EndGlobalSection
	GlobalSection(ProjectConfigurationPlatforms) = postSolution
		{106FB0AC-7F34-48DE-8D4C-F957EAB2AE5A}.Debug|Any CPU.ActiveCfg = Debug|Any CPU
		{106FB0AC-7F34-48DE-8D4C-F957EAB2AE5A}.Debug|Any CPU.Build.0 = Debug|Any CPU
		{106FB0AC-7F34-48DE-8D4C-F957EAB2AE5A}.Release|Any CPU.ActiveCfg = Release|Any CPU
		{106FB0AC-7F34-48DE-8D4C-F957EAB2AE5A}.Release|Any CPU.Build.0 = Release|Any CPU
	EndGlobalSection
	GlobalSection(SolutionProperties) = preSolution
		HideSolutionNode = FALSE
	EndGlobalSection
	GlobalSection(ExtensibilityGlobals) = postSolution
		SolutionGuid = {ABA66058-EEDB-4748-99AE-774E9D8B0F0E}
	EndGlobalSection
EndGlobal
